// !$*UTF8*$!
{
	archiveVersion = 1;
	classes = {
	};
	objectVersion = 46;
	objects = {

/* Begin PBXBuildFile section */
		962746C01F49F54A00C2F394 /* main.m in Sources */ = {isa = PBXBuildFile; fileRef = 962746BF1F49F54A00C2F394 /* main.m */; };
		962746C81F49F56900C2F394 /* Account.m in Sources */ = {isa = PBXBuildFile; fileRef = 962746C71F49F56900C2F394 /* Account.m */; };
		962746CB1F49FA7900C2F394 /* FavoriteProgrammingLanguage.m in Sources */ = {isa = PBXBuildFile; fileRef = 962746CA1F49FA7900C2F394 /* FavoriteProgrammingLanguage.m */; };
/* End PBXBuildFile section */

/* Begin PBXCopyFilesBuildPhase section */
		962746BA1F49F54900C2F394 /* CopyFiles */ = {
			isa = PBXCopyFilesBuildPhase;
			buildActionMask = 2147483647;
			dstPath = /usr/share/man/man1/;
			dstSubfolderSpec = 0;
			files = (
			);
			runOnlyForDeploymentPostprocessing = 1;
		};
/* End PBXCopyFilesBuildPhase section */

/* Begin PBXFileReference section */
		962746BC1F49F54900C2F394 /* objc-delegate */ = {isa = PBXFileReference; explicitFileType = "compiled.mach-o.executable"; includeInIndex = 0; path = "objc-delegate"; sourceTree = BUILT_PRODUCTS_DIR; };
		962746BF1F49F54A00C2F394 /* main.m */ = {isa = PBXFileReference; lastKnownFileType = sourcecode.c.objc; path = main.m; sourceTree = "<group>"; };
		962746C61F49F56900C2F394 /* Account.h */ = {isa = PBXFileReference; fileEncoding = 4; lastKnownFileType = sourcecode.c.h; path = Account.h; sourceTree = "<group>"; };
		962746C71F49F56900C2F394 /* Account.m */ = {isa = PBXFileReference; fileEncoding = 4; lastKnownFileType = sourcecode.c.objc; path = Account.m; sourceTree = "<group>"; };
		962746C91F49FA7900C2F394 /* FavoriteProgrammingLanguage.h */ = {isa = PBXFileReference; fileEncoding = 4; lastKnownFileType = sourcecode.c.h; path = FavoriteProgrammingLanguage.h; sourceTree = "<group>"; };
		962746CA1F49FA7900C2F394 /* FavoriteProgrammingLanguage.m */ = {isa = PBXFileReference; fileEncoding = 4; lastKnownFileType = sourcecode.c.objc; path = FavoriteProgrammingLanguage.m; sourceTree = "<group>"; };
/* End PBXFileReference section */

/* Begin PBXFrameworksBuildPhase section */
		962746B91F49F54900C2F394 /* Frameworks */ = {
			isa = PBXFrameworksBuildPhase;
			buildActionMask = 2147483647;
			files = (
			);
			runOnlyForDeploymentPostprocessing = 0;
		};
/* End PBXFrameworksBuildPhase section */

/* Begin PBXGroup section */
		962746B31F49F54900C2F394 = {
			isa = PBXGroup;
			children = (
				962746BE1F49F54900C2F394 /* objc-delegate */,
				962746BD1F49F54900C2F394 /* Products */,
			);
			sourceTree = "<group>";
		};
		962746BD1F49F54900C2F394 /* Products */ = {
			isa = PBXGroup;
			children = (
				962746BC1F49F54900C2F394 /* objc-delegate */,
			);
			name = Products;
			sourceTree = "<group>";
		};
		962746BE1F49F54900C2F394 /* objc-delegate */ = {
			isa = PBXGroup;
			children = (
				962746BF1F49F54A00C2F394 /* main.m */,
				962746C61F49F56900C2F394 /* Account.h */,
				962746C71F49F56900C2F394 /* Account.m */,
				962746C91F49FA7900C2F394 /* FavoriteProgrammingLanguage.h */,
				962746CA1F49FA7900C2F394 /* FavoriteProgrammingLanguage.m */,
			);
			path = "objc-delegate";
			sourceTree = "<group>";
		};
/* End PBXGroup section */

/* Begin PBXNativeTarget section */
		962746BB1F49F54900C2F394 /* objc-delegate */ = {
			isa = PBXNativeTarget;
			buildConfigurationList = 962746C31F49F54A00C2F394 /* Build configuration list for PBXNativeTarget "objc-delegate" */;
			buildPhases = (
				962746B81F49F54900C2F394 /* Sources */,
				962746B91F49F54900C2F394 /* Frameworks */,
				962746BA1F49F54900C2F394 /* CopyFiles */,
			);
			buildRules = (
			);
			dependencies = (
			);
			name = "objc-delegate";
			productName = "objc-delegate";
			productReference = 962746BC1F49F54900C2F394 /* objc-delegate */;
			productType = "com.apple.product-type.tool";
		};
/* End PBXNativeTarget section */

/* Begin PBXProject section */
		962746B41F49F54900C2F394 /* Project object */ = {
			isa = PBXProject;
			attributes = {
				LastUpgradeCheck = 0830;
				ORGANIZATIONNAME = "Kentao Taguchi";
				TargetAttributes = {
					962746BB1F49F54900C2F394 = {
						CreatedOnToolsVersion = 8.3.3;
						DevelopmentTeam = PCCZJUYRT6;
						ProvisioningStyle = Automatic;
					};
				};
			};
			buildConfigurationList = 962746B71F49F54900C2F394 /* Build configuration list for PBXProject "objc-delegate" */;
			compatibilityVersion = "Xcode 3.2";
			developmentRegion = English;
			hasScannedForEncodings = 0;
			knownRegions = (
				en,
			);
			mainGroup = 962746B31F49F54900C2F394;
			productRefGroup = 962746BD1F49F54900C2F394 /* Products */;
			projectDirPath = "";
			projectRoot = "";
			targets = (
				962746BB1F49F54900C2F394 /* objc-delegate */,
			);
		};
/* End PBXProject section */

/* Begin PBXSourcesBuildPhase section */
		962746B81F49F54900C2F394 /* Sources */ = {
			isa = PBXSourcesBuildPhase;
			buildActionMask = 2147483647;
			files = (
				962746C01F49F54A00C2F394 /* main.m in Sources */,
				962746C81F49F56900C2F394 /* Account.m in Sources */,
				962746CB1F49FA7900C2F394 /* FavoriteProgrammingLanguage.m in Sources */,
			);
			runOnlyForDeploymentPostprocessing = 0;
		};
/* End PBXSourcesBuildPhase section */

/* Begin XCBuildConfiguration section */
		962746C11F49F54A00C2F394 /* Debug */ = {
			isa = XCBuildConfiguration;
			buildSettings = {
				ALWAYS_SEARCH_USER_PATHS = NO;
				CLANG_ANALYZER_NONNULL = YES;
				CLANG_ANALYZER_NUMBER_OBJECT_CONVERSION = YES_AGGRESSIVE;
				CLANG_CXX_LANGUAGE_STANDARD = "gnu++0x";
				CLANG_CXX_LIBRARY = "libc++";
				CLANG_ENABLE_MODULES = YES;
				CLANG_ENABLE_OBJC_ARC = YES;
				CLANG_WARN_BOOL_CONVERSION = YES;
				CLANG_WARN_CONSTANT_CONVERSION = YES;
				CLANG_WARN_DIRECT_OBJC_ISA_USAGE = YES_ERROR;
				CLANG_WARN_DOCUMENTATION_COMMENTS = YES;
				CLANG_WARN_EMPTY_BODY = YES;
				CLANG_WARN_ENUM_CONVERSION = YES;
				CLANG_WARN_INFINITE_RECURSION = YES;
				CLANG_WARN_INT_CONVERSION = YES;
				CLANG_WARN_OBJC_ROOT_CLASS = YES_ERROR;
				CLANG_WARN_SUSPICIOUS_MOVE = YES;
				CLANG_WARN_UNREACHABLE_CODE = YES;
				CLANG_WARN__DUPLICATE_METHOD_MATCH = YES;
				CODE_SIGN_IDENTITY = "-";
				COPY_PHASE_STRIP = NO;
				DEBUG_INFORMATION_FORMAT = dwarf;
				ENABLE_STRICT_OBJC_MSGSEND = YES;
				ENABLE_TESTABILITY = YES;
				GCC_C_LANGUAGE_STANDARD = gnu99;
				GCC_DYNAMIC_NO_PIC = NO;
				GCC_NO_COMMON_BLOCKS = YES;
				GCC_OPTIMIZATION_LEVEL = 0;
				GCC_PREPROCESSOR_DEFINITIONS = (
					"DEBUG=1",
					"$(inherited)",
				);
				GCC_WARN_64_TO_32_BIT_CONVERSION = YES;
				GCC_WARN_ABOUT_RETURN_TYPE = YES_ERROR;
				GCC_WARN_UNDECLARED_SELECTOR = YES;
				GCC_WARN_UNINITIALIZED_AUTOS = YES_AGGRESSIVE;
				GCC_WARN_UNUSED_FUNCTION = YES;
				GCC_WARN_UNUSED_VARIABLE = YES;
				MACOSX_DEPLOYMENT_TARGET = 10.13;
				MTL_ENABLE_DEBUG_INFO = YES;
				ONLY_ACTIVE_ARCH = YES;
				SDKROOT = macosx;
			};
			name = Debug;
		};
		962746C21F49F54A00C2F394 /* Release */ = {
			isa = XCBuildConfiguration;
			buildSettings = {
				ALWAYS_SEARCH_USER_PATHS = NO;
				CLANG_ANALYZER_NONNULL = YES;
				CLANG_ANALYZER_NUMBER_OBJECT_CONVERSION = YES_AGGRESSIVE;
				CLANG_CXX_LANGUAGE_STANDARD = "gnu++0x";
				CLANG_CXX_LIBRARY = "libc++";
				CLANG_ENABLE_MODULES = YES;
				CLANG_ENABLE_OBJC_ARC = YES;
				CLANG_WARN_BOOL_CONVERSION = YES;
				CLANG_WARN_CONSTANT_CONVERSION = YES;
				CLANG_WARN_DIRECT_OBJC_ISA_USAGE = YES_ERROR;
				CLANG_WARN_DOCUMENTATION_COMMENTS = YES;
				CLANG_WARN_EMPTY_BODY = YES;
				CLANG_WARN_ENUM_CONVERSION = YES;
				CLANG_WARN_INFINITE_RECURSION = YES;
				CLANG_WARN_INT_CONVERSION = YES;
				CLANG_WARN_OBJC_ROOT_CLASS = YES_ERROR;
				CLANG_WARN_SUSPICIOUS_MOVE = YES;
				CLANG_WARN_UNREACHABLE_CODE = YES;
				CLANG_WARN__DUPLICATE_METHOD_MATCH = YES;
				CODE_SIGN_IDENTITY = "-";
				COPY_PHASE_STRIP = NO;
				DEBUG_INFORMATION_FORMAT = "dwarf-with-dsym";
				ENABLE_NS_ASSERTIONS = NO;
				ENABLE_STRICT_OBJC_MSGSEND = YES;
				GCC_C_LANGUAGE_STANDARD = gnu99;
				GCC_NO_COMMON_BLOCKS = YES;
				GCC_WARN_64_TO_32_BIT_CONVERSION = YES;
				GCC_WARN_ABOUT_RETURN_TYPE = YES_ERROR;
				GCC_WARN_UNDECLARED_SELECTOR = YES;
				GCC_WARN_UNINITIALIZED_AUTOS = YES_AGGRESSIVE;
				GCC_WARN_UNUSED_FUNCTION = YES;
				GCC_WARN_UNUSED_VARIABLE = YES;
				MACOSX_DEPLOYMENT_TARGET = 10.13;
				MTL_ENABLE_DEBUG_INFO = NO;
				SDKROOT = macosx;
			};
			name = Release;
		};
		962746C41F49F54A00C2F394 /* Debug */ = {
			isa = XCBuildConfiguration;
			buildSettings = {
				DEVELOPMENT_TEAM = PCCZJUYRT6;
				PRODUCT_NAME = "$(TARGET_NAME)";
			};
			name = Debug;
		};
		962746C51F49F54A00C2F394 /* Release */ = {
			isa = XCBuildConfiguration;
			buildSettings = {
				DEVELOPMENT_TEAM = PCCZJUYRT6;
				PRODUCT_NAME = "$(TARGET_NAME)";
			};
			name = Release;
		};
/* End XCBuildConfiguration section */

/* Begin XCConfigurationList section */
		962746B71F49F54900C2F394 /* Build configuration list for PBXProject "objc-delegate" */ = {
			isa = XCConfigurationList;
			buildConfigurations = (
				962746C11F49F54A00C2F394 /* Debug */,
				962746C21F49F54A00C2F394 /* Release */,
			);
			defaultConfigurationIsVisible = 0;
			defaultConfigurationName = Release;
		};
		962746C31F49F54A00C2F394 /* Build configuration list for PBXNativeTarget "objc-delegate" */ = {
			isa = XCConfigurationList;
			buildConfigurations = (
				962746C41F49F54A00C2F394 /* Debug */,
				962746C51F49F54A00C2F394 /* Release */,
			);
			defaultConfigurationIsVisible = 0;
		};
/* End XCConfigurationList section */
	};
	rootObject = 962746B41F49F54900C2F394 /* Project object */;
}
